// !$*UTF8*$!
{
	archiveVersion = 1;
	classes = {
	};
	objectVersion = 56;
	objects = {

/* Begin PBXBuildFile section */
		2511B55B2B28A16B00B5EAB5 /* ProgressHUD in Frameworks */ = {isa = PBXBuildFile; productRef = 2511B55A2B28A16B00B5EAB5 /* ProgressHUD */; };
		2511B55E2B28A20E00B5EAB5 /* ProgressHud.swift in Sources */ = {isa = PBXBuildFile; fileRef = 2511B55D2B28A20E00B5EAB5 /* ProgressHud.swift */; };
		2511B5602B29D09A00B5EAB5 /* AlertConfig.swift in Sources */ = {isa = PBXBuildFile; fileRef = 2511B55F2B29D09A00B5EAB5 /* AlertConfig.swift */; };
		2511B5632B2B363600B5EAB5 /* Localizable.xcstrings in Resources */ = {isa = PBXBuildFile; fileRef = 2511B5622B2B363600B5EAB5 /* Localizable.xcstrings */; };
		2511B5652B2B43A500B5EAB5 /* Localization.swift in Sources */ = {isa = PBXBuildFile; fileRef = 2511B5642B2B43A500B5EAB5 /* Localization.swift */; };
		2511B5762B2B8A7500B5EAB5 /* DataPersistenceManager.swift in Sources */ = {isa = PBXBuildFile; fileRef = 2511B5752B2B8A7500B5EAB5 /* DataPersistenceManager.swift */; };
		2511B5782B2C927A00B5EAB5 /* EmptyState.swift in Sources */ = {isa = PBXBuildFile; fileRef = 2511B5772B2C927A00B5EAB5 /* EmptyState.swift */; };
		2511B57A2B2CA58200B5EAB5 /* MockDataPersistenceManager.swift in Sources */ = {isa = PBXBuildFile; fileRef = 2511B5792B2CA58200B5EAB5 /* MockDataPersistenceManager.swift */; };
		2511B57D2B2DCBCD00B5EAB5 /* PerformanceEntity+CoreDataClass.swift in Sources */ = {isa = PBXBuildFile; fileRef = 2511B57B2B2DCBCD00B5EAB5 /* PerformanceEntity+CoreDataClass.swift */; };
		2511B57E2B2DCBCD00B5EAB5 /* PerformanceEntity+CoreDataProperties.swift in Sources */ = {isa = PBXBuildFile; fileRef = 2511B57C2B2DCBCD00B5EAB5 /* PerformanceEntity+CoreDataProperties.swift */; };
		2511B5802B2DE22E00B5EAB5 /* Icons.swift in Sources */ = {isa = PBXBuildFile; fileRef = 2511B57F2B2DE22E00B5EAB5 /* Icons.swift */; };
		2511B5822B2DEB1800B5EAB5 /* RepositoryLabel.swift in Sources */ = {isa = PBXBuildFile; fileRef = 2511B5812B2DEB1800B5EAB5 /* RepositoryLabel.swift */; };
		2511B5842B2DED6300B5EAB5 /* Repository.swift in Sources */ = {isa = PBXBuildFile; fileRef = 2511B5832B2DED6300B5EAB5 /* Repository.swift */; };
		258941872B2204C700657376 /* AppDelegate.swift in Sources */ = {isa = PBXBuildFile; fileRef = 258941862B2204C700657376 /* AppDelegate.swift */; };
		258941892B2204C700657376 /* SceneDelegate.swift in Sources */ = {isa = PBXBuildFile; fileRef = 258941882B2204C700657376 /* SceneDelegate.swift */; };
		258941912B2204C700657376 /* SportPerformance.xcdatamodeld in Sources */ = {isa = PBXBuildFile; fileRef = 2589418F2B2204C700657376 /* SportPerformance.xcdatamodeld */; };
		258941932B2204C800657376 /* Assets.xcassets in Resources */ = {isa = PBXBuildFile; fileRef = 258941922B2204C800657376 /* Assets.xcassets */; };
		258941962B2204C800657376 /* LaunchScreen.storyboard in Resources */ = {isa = PBXBuildFile; fileRef = 258941942B2204C800657376 /* LaunchScreen.storyboard */; };
		258941A12B2204C800657376 /* SportPerformanceListViewModelTests.swift in Sources */ = {isa = PBXBuildFile; fileRef = 258941A02B2204C800657376 /* SportPerformanceListViewModelTests.swift */; };
		258941AB2B2204C800657376 /* SportPerformanceUITests.swift in Sources */ = {isa = PBXBuildFile; fileRef = 258941AA2B2204C800657376 /* SportPerformanceUITests.swift */; };
		258941AD2B2204C800657376 /* SportPerformanceUITestsLaunchTests.swift in Sources */ = {isa = PBXBuildFile; fileRef = 258941AC2B2204C800657376 /* SportPerformanceUITestsLaunchTests.swift */; };
		258941BB2B22189D00657376 /* MainCoordinator.swift in Sources */ = {isa = PBXBuildFile; fileRef = 258941BA2B22189D00657376 /* MainCoordinator.swift */; };
		258941BE2B221C1900657376 /* SportPerformanceListView.swift in Sources */ = {isa = PBXBuildFile; fileRef = 258941BD2B221C1900657376 /* SportPerformanceListView.swift */; };
		258941C02B2387B100657376 /* PerformanceCell.swift in Sources */ = {isa = PBXBuildFile; fileRef = 258941BF2B2387B100657376 /* PerformanceCell.swift */; };
		258941C22B23A43200657376 /* Constraints.swift in Sources */ = {isa = PBXBuildFile; fileRef = 258941C12B23A43200657376 /* Constraints.swift */; };
		258941C42B24BD0A00657376 /* SportPerformanceListViewModel.swift in Sources */ = {isa = PBXBuildFile; fileRef = 258941C32B24BD0A00657376 /* SportPerformanceListViewModel.swift */; };
		258941C72B24BDDB00657376 /* PerformanceModel.swift in Sources */ = {isa = PBXBuildFile; fileRef = 258941C62B24BDDB00657376 /* PerformanceModel.swift */; };
		258941CB2B24C5AF00657376 /* MockData.swift in Sources */ = {isa = PBXBuildFile; fileRef = 258941CA2B24C5AF00657376 /* MockData.swift */; };
		258941D12B24E1B200657376 /* MainCoordinatorDelegates.swift in Sources */ = {isa = PBXBuildFile; fileRef = 258941D02B24E1B200657376 /* MainCoordinatorDelegates.swift */; };
		258941D42B24FBB600657376 /* NewSportPerformanceView.swift in Sources */ = {isa = PBXBuildFile; fileRef = 258941D32B24FBB600657376 /* NewSportPerformanceView.swift */; };
		258941D72B2615C800657376 /* PrimaryButton.swift in Sources */ = {isa = PBXBuildFile; fileRef = 258941D62B2615C800657376 /* PrimaryButton.swift */; };
		258941D92B261E8300657376 /* PrimaryTextField.swift in Sources */ = {isa = PBXBuildFile; fileRef = 258941D82B261E8300657376 /* PrimaryTextField.swift */; };
		258941DB2B264C7200657376 /* TimePicker.swift in Sources */ = {isa = PBXBuildFile; fileRef = 258941DA2B264C7200657376 /* TimePicker.swift */; };
		258941DD2B26553600657376 /* NewSportPerformanceViewModel.swift in Sources */ = {isa = PBXBuildFile; fileRef = 258941DC2B26553600657376 /* NewSportPerformanceViewModel.swift */; };
		258941E22B274A6F00657376 /* NavigationPropagation.swift in Sources */ = {isa = PBXBuildFile; fileRef = 258941E12B274A6F00657376 /* NavigationPropagation.swift */; };
		258941E42B274AA200657376 /* HostingController.swift in Sources */ = {isa = PBXBuildFile; fileRef = 258941E32B274AA200657376 /* HostingController.swift */; };
		258941E72B275FBE00657376 /* GoogleService-Info.plist in Resources */ = {isa = PBXBuildFile; fileRef = 258941E62B275FBE00657376 /* GoogleService-Info.plist */; };
		2597C4A62B302E3100BC1B75 /* EmptyStateView.swift in Sources */ = {isa = PBXBuildFile; fileRef = 2597C4A52B302E3100BC1B75 /* EmptyStateView.swift */; };
		2597C4AA2B30548C00BC1B75 /* GenericError.swift in Sources */ = {isa = PBXBuildFile; fileRef = 2597C4A92B30548C00BC1B75 /* GenericError.swift */; };
		25B4C5D12B27B1580055EC86 /* FirebaseDatabase in Frameworks */ = {isa = PBXBuildFile; productRef = 25B4C5D02B27B1580055EC86 /* FirebaseDatabase */; };
		25B4C5D32B27B1580055EC86 /* FirebaseDatabaseSwift in Frameworks */ = {isa = PBXBuildFile; productRef = 25B4C5D22B27B1580055EC86 /* FirebaseDatabaseSwift */; };
		25B4C5D62B2878370055EC86 /* FirebaseStoreManager.swift in Sources */ = {isa = PBXBuildFile; fileRef = 25B4C5D52B2878370055EC86 /* FirebaseStoreManager.swift */; };
		25B4C5D92B287AB10055EC86 /* FirebaseFirestore in Frameworks */ = {isa = PBXBuildFile; productRef = 25B4C5D82B287AB10055EC86 /* FirebaseFirestore */; };
		25B4C5DB2B287AB80055EC86 /* FirebaseFirestoreSwift in Frameworks */ = {isa = PBXBuildFile; productRef = 25B4C5DA2B287AB80055EC86 /* FirebaseFirestoreSwift */; };
		25B4C5DE2B2888A30055EC86 /* FirebasePerformanceModel.swift in Sources */ = {isa = PBXBuildFile; fileRef = 25B4C5DD2B2888A30055EC86 /* FirebasePerformanceModel.swift */; };
		25B4C5E12B2898AF0055EC86 /* MockFirebaseStoreManager.swift in Sources */ = {isa = PBXBuildFile; fileRef = 25B4C5E02B2898AF0055EC86 /* MockFirebaseStoreManager.swift */; };
		25B64BDC2B2F0021008C3950 /* WarningMessage.swift in Sources */ = {isa = PBXBuildFile; fileRef = 25B64BDB2B2F0021008C3950 /* WarningMessage.swift */; };
		25B64BDE2B2F3BEB008C3950 /* DataPersistenceError.swift in Sources */ = {isa = PBXBuildFile; fileRef = 25B64BDD2B2F3BEB008C3950 /* DataPersistenceError.swift */; };
		25B64BE02B2F3C4F008C3950 /* PerformanceEntityStub.swift in Sources */ = {isa = PBXBuildFile; fileRef = 25B64BDF2B2F3C4F008C3950 /* PerformanceEntityStub.swift */; };
/* End PBXBuildFile section */

/* Begin PBXContainerItemProxy section */
		2589419D2B2204C800657376 /* PBXContainerItemProxy */ = {
			isa = PBXContainerItemProxy;
			containerPortal = 2589417B2B2204C700657376 /* Project object */;
			proxyType = 1;
			remoteGlobalIDString = 258941822B2204C700657376;
			remoteInfo = SportPerformance;
		};
		258941A72B2204C800657376 /* PBXContainerItemProxy */ = {
			isa = PBXContainerItemProxy;
			containerPortal = 2589417B2B2204C700657376 /* Project object */;
			proxyType = 1;
			remoteGlobalIDString = 258941822B2204C700657376;
			remoteInfo = SportPerformance;
		};
/* End PBXContainerItemProxy section */

/* Begin PBXFileReference section */
		2511B55D2B28A20E00B5EAB5 /* ProgressHud.swift */ = {isa = PBXFileReference; lastKnownFileType = sourcecode.swift; path = ProgressHud.swift; sourceTree = "<group>"; };
		2511B55F2B29D09A00B5EAB5 /* AlertConfig.swift */ = {isa = PBXFileReference; lastKnownFileType = sourcecode.swift; path = AlertConfig.swift; sourceTree = "<group>"; };
		2511B5622B2B363600B5EAB5 /* Localizable.xcstrings */ = {isa = PBXFileReference; lastKnownFileType = text.json.xcstrings; path = Localizable.xcstrings; sourceTree = "<group>"; };
		2511B5642B2B43A500B5EAB5 /* Localization.swift */ = {isa = PBXFileReference; lastKnownFileType = sourcecode.swift; path = Localization.swift; sourceTree = "<group>"; };
		2511B5752B2B8A7500B5EAB5 /* DataPersistenceManager.swift */ = {isa = PBXFileReference; lastKnownFileType = sourcecode.swift; path = DataPersistenceManager.swift; sourceTree = "<group>"; };
		2511B5772B2C927A00B5EAB5 /* EmptyState.swift */ = {isa = PBXFileReference; lastKnownFileType = sourcecode.swift; path = EmptyState.swift; sourceTree = "<group>"; };
		2511B5792B2CA58200B5EAB5 /* MockDataPersistenceManager.swift */ = {isa = PBXFileReference; lastKnownFileType = sourcecode.swift; path = MockDataPersistenceManager.swift; sourceTree = "<group>"; };
		2511B57B2B2DCBCD00B5EAB5 /* PerformanceEntity+CoreDataClass.swift */ = {isa = PBXFileReference; lastKnownFileType = sourcecode.swift; path = "PerformanceEntity+CoreDataClass.swift"; sourceTree = "<group>"; };
		2511B57C2B2DCBCD00B5EAB5 /* PerformanceEntity+CoreDataProperties.swift */ = {isa = PBXFileReference; lastKnownFileType = sourcecode.swift; path = "PerformanceEntity+CoreDataProperties.swift"; sourceTree = "<group>"; };
		2511B57F2B2DE22E00B5EAB5 /* Icons.swift */ = {isa = PBXFileReference; lastKnownFileType = sourcecode.swift; path = Icons.swift; sourceTree = "<group>"; };
		2511B5812B2DEB1800B5EAB5 /* RepositoryLabel.swift */ = {isa = PBXFileReference; lastKnownFileType = sourcecode.swift; path = RepositoryLabel.swift; sourceTree = "<group>"; };
		2511B5832B2DED6300B5EAB5 /* Repository.swift */ = {isa = PBXFileReference; lastKnownFileType = sourcecode.swift; path = Repository.swift; sourceTree = "<group>"; };
		258941832B2204C700657376 /* SportPerformance.app */ = {isa = PBXFileReference; explicitFileType = wrapper.application; includeInIndex = 0; path = SportPerformance.app; sourceTree = BUILT_PRODUCTS_DIR; };
		258941862B2204C700657376 /* AppDelegate.swift */ = {isa = PBXFileReference; lastKnownFileType = sourcecode.swift; path = AppDelegate.swift; sourceTree = "<group>"; };
		258941882B2204C700657376 /* SceneDelegate.swift */ = {isa = PBXFileReference; lastKnownFileType = sourcecode.swift; path = SceneDelegate.swift; sourceTree = "<group>"; };
		258941902B2204C700657376 /* SportPerformance.xcdatamodel */ = {isa = PBXFileReference; lastKnownFileType = wrapper.xcdatamodel; path = SportPerformance.xcdatamodel; sourceTree = "<group>"; };
		258941922B2204C800657376 /* Assets.xcassets */ = {isa = PBXFileReference; lastKnownFileType = folder.assetcatalog; path = Assets.xcassets; sourceTree = "<group>"; };
		258941952B2204C800657376 /* Base */ = {isa = PBXFileReference; lastKnownFileType = file.storyboard; name = Base; path = Base.lproj/LaunchScreen.storyboard; sourceTree = "<group>"; };
		258941972B2204C800657376 /* Info.plist */ = {isa = PBXFileReference; lastKnownFileType = text.plist.xml; path = Info.plist; sourceTree = "<group>"; };
		2589419C2B2204C800657376 /* SportPerformanceTests.xctest */ = {isa = PBXFileReference; explicitFileType = wrapper.cfbundle; includeInIndex = 0; path = SportPerformanceTests.xctest; sourceTree = BUILT_PRODUCTS_DIR; };
		258941A02B2204C800657376 /* SportPerformanceListViewModelTests.swift */ = {isa = PBXFileReference; lastKnownFileType = sourcecode.swift; path = SportPerformanceListViewModelTests.swift; sourceTree = "<group>"; };
		258941A62B2204C800657376 /* SportPerformanceUITests.xctest */ = {isa = PBXFileReference; explicitFileType = wrapper.cfbundle; includeInIndex = 0; path = SportPerformanceUITests.xctest; sourceTree = BUILT_PRODUCTS_DIR; };
		258941AA2B2204C800657376 /* SportPerformanceUITests.swift */ = {isa = PBXFileReference; lastKnownFileType = sourcecode.swift; path = SportPerformanceUITests.swift; sourceTree = "<group>"; };
		258941AC2B2204C800657376 /* SportPerformanceUITestsLaunchTests.swift */ = {isa = PBXFileReference; lastKnownFileType = sourcecode.swift; path = SportPerformanceUITestsLaunchTests.swift; sourceTree = "<group>"; };
		258941BA2B22189D00657376 /* MainCoordinator.swift */ = {isa = PBXFileReference; lastKnownFileType = sourcecode.swift; path = MainCoordinator.swift; sourceTree = "<group>"; };
		258941BD2B221C1900657376 /* SportPerformanceListView.swift */ = {isa = PBXFileReference; lastKnownFileType = sourcecode.swift; path = SportPerformanceListView.swift; sourceTree = "<group>"; };
		258941BF2B2387B100657376 /* PerformanceCell.swift */ = {isa = PBXFileReference; lastKnownFileType = sourcecode.swift; path = PerformanceCell.swift; sourceTree = "<group>"; };
		258941C12B23A43200657376 /* Constraints.swift */ = {isa = PBXFileReference; lastKnownFileType = sourcecode.swift; path = Constraints.swift; sourceTree = "<group>"; };
		258941C32B24BD0A00657376 /* SportPerformanceListViewModel.swift */ = {isa = PBXFileReference; lastKnownFileType = sourcecode.swift; path = SportPerformanceListViewModel.swift; sourceTree = "<group>"; };
		258941C62B24BDDB00657376 /* PerformanceModel.swift */ = {isa = PBXFileReference; lastKnownFileType = sourcecode.swift; path = PerformanceModel.swift; sourceTree = "<group>"; };
		258941CA2B24C5AF00657376 /* MockData.swift */ = {isa = PBXFileReference; lastKnownFileType = sourcecode.swift; path = MockData.swift; sourceTree = "<group>"; };
		258941D02B24E1B200657376 /* MainCoordinatorDelegates.swift */ = {isa = PBXFileReference; lastKnownFileType = sourcecode.swift; path = MainCoordinatorDelegates.swift; sourceTree = "<group>"; };
		258941D32B24FBB600657376 /* NewSportPerformanceView.swift */ = {isa = PBXFileReference; lastKnownFileType = sourcecode.swift; path = NewSportPerformanceView.swift; sourceTree = "<group>"; };
		258941D62B2615C800657376 /* PrimaryButton.swift */ = {isa = PBXFileReference; lastKnownFileType = sourcecode.swift; path = PrimaryButton.swift; sourceTree = "<group>"; };
		258941D82B261E8300657376 /* PrimaryTextField.swift */ = {isa = PBXFileReference; lastKnownFileType = sourcecode.swift; path = PrimaryTextField.swift; sourceTree = "<group>"; };
		258941DA2B264C7200657376 /* TimePicker.swift */ = {isa = PBXFileReference; lastKnownFileType = sourcecode.swift; path = TimePicker.swift; sourceTree = "<group>"; };
		258941DC2B26553600657376 /* NewSportPerformanceViewModel.swift */ = {isa = PBXFileReference; lastKnownFileType = sourcecode.swift; path = NewSportPerformanceViewModel.swift; sourceTree = "<group>"; };
		258941E12B274A6F00657376 /* NavigationPropagation.swift */ = {isa = PBXFileReference; lastKnownFileType = sourcecode.swift; path = NavigationPropagation.swift; sourceTree = "<group>"; };
		258941E32B274AA200657376 /* HostingController.swift */ = {isa = PBXFileReference; lastKnownFileType = sourcecode.swift; path = HostingController.swift; sourceTree = "<group>"; };
		258941E62B275FBE00657376 /* GoogleService-Info.plist */ = {isa = PBXFileReference; fileEncoding = 4; lastKnownFileType = text.plist.xml; path = "GoogleService-Info.plist"; sourceTree = "<group>"; };
		2597C4A52B302E3100BC1B75 /* EmptyStateView.swift */ = {isa = PBXFileReference; lastKnownFileType = sourcecode.swift; path = EmptyStateView.swift; sourceTree = "<group>"; };
		2597C4A92B30548C00BC1B75 /* GenericError.swift */ = {isa = PBXFileReference; lastKnownFileType = sourcecode.swift; path = GenericError.swift; sourceTree = "<group>"; };
		25B4C5D52B2878370055EC86 /* FirebaseStoreManager.swift */ = {isa = PBXFileReference; lastKnownFileType = sourcecode.swift; path = FirebaseStoreManager.swift; sourceTree = "<group>"; };
		25B4C5DD2B2888A30055EC86 /* FirebasePerformanceModel.swift */ = {isa = PBXFileReference; lastKnownFileType = sourcecode.swift; path = FirebasePerformanceModel.swift; sourceTree = "<group>"; };
		25B4C5E02B2898AF0055EC86 /* MockFirebaseStoreManager.swift */ = {isa = PBXFileReference; lastKnownFileType = sourcecode.swift; path = MockFirebaseStoreManager.swift; sourceTree = "<group>"; };
		25B64BDB2B2F0021008C3950 /* WarningMessage.swift */ = {isa = PBXFileReference; lastKnownFileType = sourcecode.swift; path = WarningMessage.swift; sourceTree = "<group>"; };
		25B64BDD2B2F3BEB008C3950 /* DataPersistenceError.swift */ = {isa = PBXFileReference; lastKnownFileType = sourcecode.swift; path = DataPersistenceError.swift; sourceTree = "<group>"; };
		25B64BDF2B2F3C4F008C3950 /* PerformanceEntityStub.swift */ = {isa = PBXFileReference; lastKnownFileType = sourcecode.swift; path = PerformanceEntityStub.swift; sourceTree = "<group>"; };
/* End PBXFileReference section */

/* Begin PBXFrameworksBuildPhase section */
		258941802B2204C700657376 /* Frameworks */ = {
			isa = PBXFrameworksBuildPhase;
			buildActionMask = 2147483647;
			files = (
				2511B55B2B28A16B00B5EAB5 /* ProgressHUD in Frameworks */,
				25B4C5D32B27B1580055EC86 /* FirebaseDatabaseSwift in Frameworks */,
				25B4C5D12B27B1580055EC86 /* FirebaseDatabase in Frameworks */,
				25B4C5D92B287AB10055EC86 /* FirebaseFirestore in Frameworks */,
				25B4C5DB2B287AB80055EC86 /* FirebaseFirestoreSwift in Frameworks */,
			);
			runOnlyForDeploymentPostprocessing = 0;
		};
		258941992B2204C800657376 /* Frameworks */ = {
			isa = PBXFrameworksBuildPhase;
			buildActionMask = 2147483647;
			files = (
			);
			runOnlyForDeploymentPostprocessing = 0;
		};
		258941A32B2204C800657376 /* Frameworks */ = {
			isa = PBXFrameworksBuildPhase;
			buildActionMask = 2147483647;
			files = (
			);
			runOnlyForDeploymentPostprocessing = 0;
		};
/* End PBXFrameworksBuildPhase section */

/* Begin PBXGroup section */
		2511B55C2B28A18600B5EAB5 /* Helpers */ = {
			isa = PBXGroup;
			children = (
				2511B55D2B28A20E00B5EAB5 /* ProgressHud.swift */,
				2511B55F2B29D09A00B5EAB5 /* AlertConfig.swift */,
				2511B5772B2C927A00B5EAB5 /* EmptyState.swift */,
				258941C12B23A43200657376 /* Constraints.swift */,
				2511B57F2B2DE22E00B5EAB5 /* Icons.swift */,
				2511B5832B2DED6300B5EAB5 /* Repository.swift */,
				258941E12B274A6F00657376 /* NavigationPropagation.swift */,
				258941E32B274AA200657376 /* HostingController.swift */,
			);
			path = Helpers;
			sourceTree = "<group>";
		};
		2511B5612B2B362A00B5EAB5 /* Localization */ = {
			isa = PBXGroup;
			children = (
				2511B5622B2B363600B5EAB5 /* Localizable.xcstrings */,
				2511B5642B2B43A500B5EAB5 /* Localization.swift */,
			);
			path = Localization;
			sourceTree = "<group>";
		};
		2511B5702B2B887000B5EAB5 /* Persistance */ = {
			isa = PBXGroup;
			children = (
				2589418F2B2204C700657376 /* SportPerformance.xcdatamodeld */,
				2511B57B2B2DCBCD00B5EAB5 /* PerformanceEntity+CoreDataClass.swift */,
				2511B57C2B2DCBCD00B5EAB5 /* PerformanceEntity+CoreDataProperties.swift */,
				2511B5752B2B8A7500B5EAB5 /* DataPersistenceManager.swift */,
				25B64BDF2B2F3C4F008C3950 /* PerformanceEntityStub.swift */,
			);
			path = Persistance;
			sourceTree = "<group>";
		};
		2589417A2B2204C700657376 = {
			isa = PBXGroup;
			children = (
				258941852B2204C700657376 /* SportPerformance */,
				2589419F2B2204C800657376 /* SportPerformanceTests */,
				258941A92B2204C800657376 /* SportPerformanceUITests */,
				258941842B2204C700657376 /* Products */,
				25B4C5D72B287AB10055EC86 /* Frameworks */,
			);
			sourceTree = "<group>";
		};
		258941842B2204C700657376 /* Products */ = {
			isa = PBXGroup;
			children = (
				258941832B2204C700657376 /* SportPerformance.app */,
				2589419C2B2204C800657376 /* SportPerformanceTests.xctest */,
				258941A62B2204C800657376 /* SportPerformanceUITests.xctest */,
			);
			name = Products;
			sourceTree = "<group>";
		};
		258941852B2204C700657376 /* SportPerformance */ = {
			isa = PBXGroup;
			children = (
				2597C4A82B30546300BC1B75 /* Errors */,
				2511B5702B2B887000B5EAB5 /* Persistance */,
				2511B5612B2B362A00B5EAB5 /* Localization */,
				2511B55C2B28A18600B5EAB5 /* Helpers */,
				25B4C5D42B2877DC0055EC86 /* Networking */,
				258941D52B26159300657376 /* Components */,
				258941B92B22188700657376 /* Coordinators */,
				258941C82B24C58100657376 /* Mocks */,
				25B64BE22B2F3ECD008C3950 /* Screens */,
				258941E52B275F6700657376 /* Firebase */,
				258941862B2204C700657376 /* AppDelegate.swift */,
				258941882B2204C700657376 /* SceneDelegate.swift */,
				258941922B2204C800657376 /* Assets.xcassets */,
				258941942B2204C800657376 /* LaunchScreen.storyboard */,
				258941972B2204C800657376 /* Info.plist */,
			);
			path = SportPerformance;
			sourceTree = "<group>";
		};
		2589419F2B2204C800657376 /* SportPerformanceTests */ = {
			isa = PBXGroup;
			children = (
				258941A02B2204C800657376 /* SportPerformanceListViewModelTests.swift */,
			);
			path = SportPerformanceTests;
			sourceTree = "<group>";
		};
		258941A92B2204C800657376 /* SportPerformanceUITests */ = {
			isa = PBXGroup;
			children = (
				258941AA2B2204C800657376 /* SportPerformanceUITests.swift */,
				258941AC2B2204C800657376 /* SportPerformanceUITestsLaunchTests.swift */,
			);
			path = SportPerformanceUITests;
			sourceTree = "<group>";
		};
		258941B92B22188700657376 /* Coordinators */ = {
			isa = PBXGroup;
			children = (
				258941BA2B22189D00657376 /* MainCoordinator.swift */,
				258941D02B24E1B200657376 /* MainCoordinatorDelegates.swift */,
			);
			path = Coordinators;
			sourceTree = "<group>";
		};
		258941BC2B221BB300657376 /* SportPerformanceList */ = {
			isa = PBXGroup;
			children = (
				258941BD2B221C1900657376 /* SportPerformanceListView.swift */,
				258941C32B24BD0A00657376 /* SportPerformanceListViewModel.swift */,
				258941BF2B2387B100657376 /* PerformanceCell.swift */,
			);
			path = SportPerformanceList;
			sourceTree = "<group>";
		};
		258941C52B24BD8900657376 /* InternalModels */ = {
			isa = PBXGroup;
			children = (
				258941C62B24BDDB00657376 /* PerformanceModel.swift */,
			);
			path = InternalModels;
			sourceTree = "<group>";
		};
		258941C82B24C58100657376 /* Mocks */ = {
			isa = PBXGroup;
			children = (
				25B4C5DF2B28988E0055EC86 /* Managers */,
				258941C92B24C58700657376 /* Data */,
			);
			path = Mocks;
			sourceTree = "<group>";
		};
		258941C92B24C58700657376 /* Data */ = {
			isa = PBXGroup;
			children = (
				258941CA2B24C5AF00657376 /* MockData.swift */,
			);
			path = Data;
			sourceTree = "<group>";
		};
		258941D22B24FB5900657376 /* NewSportPerformance */ = {
			isa = PBXGroup;
			children = (
				258941D32B24FBB600657376 /* NewSportPerformanceView.swift */,
				258941DC2B26553600657376 /* NewSportPerformanceViewModel.swift */,
			);
			path = NewSportPerformance;
			sourceTree = "<group>";
		};
		258941D52B26159300657376 /* Components */ = {
			isa = PBXGroup;
			children = (
				258941D62B2615C800657376 /* PrimaryButton.swift */,
				258941D82B261E8300657376 /* PrimaryTextField.swift */,
				258941DA2B264C7200657376 /* TimePicker.swift */,
				2511B5812B2DEB1800B5EAB5 /* RepositoryLabel.swift */,
				25B64BDB2B2F0021008C3950 /* WarningMessage.swift */,
				2597C4A52B302E3100BC1B75 /* EmptyStateView.swift */,
			);
			path = Components;
			sourceTree = "<group>";
		};
		258941E52B275F6700657376 /* Firebase */ = {
			isa = PBXGroup;
			children = (
				258941E62B275FBE00657376 /* GoogleService-Info.plist */,
			);
			path = Firebase;
			sourceTree = "<group>";
		};
		2597C4A82B30546300BC1B75 /* Errors */ = {
			isa = PBXGroup;
			children = (
				25B64BDD2B2F3BEB008C3950 /* DataPersistenceError.swift */,
				2597C4A92B30548C00BC1B75 /* GenericError.swift */,
			);
			path = Errors;
			sourceTree = "<group>";
		};
		25B4C5D42B2877DC0055EC86 /* Networking */ = {
			isa = PBXGroup;
			children = (
				25B4C5DC2B28887F0055EC86 /* FirebaseModels */,
				258941C52B24BD8900657376 /* InternalModels */,
				25B4C5D52B2878370055EC86 /* FirebaseStoreManager.swift */,
			);
			path = Networking;
			sourceTree = "<group>";
		};
		25B4C5D72B287AB10055EC86 /* Frameworks */ = {
			isa = PBXGroup;
			children = (
			);
			name = Frameworks;
			sourceTree = "<group>";
		};
		25B4C5DC2B28887F0055EC86 /* FirebaseModels */ = {
			isa = PBXGroup;
			children = (
				25B4C5DD2B2888A30055EC86 /* FirebasePerformanceModel.swift */,
			);
			path = FirebaseModels;
			sourceTree = "<group>";
		};
		25B4C5DF2B28988E0055EC86 /* Managers */ = {
			isa = PBXGroup;
			children = (
				25B4C5E02B2898AF0055EC86 /* MockFirebaseStoreManager.swift */,
				2511B5792B2CA58200B5EAB5 /* MockDataPersistenceManager.swift */,
			);
			path = Managers;
			sourceTree = "<group>";
		};
		25B64BE22B2F3ECD008C3950 /* Screens */ = {
			isa = PBXGroup;
			children = (
				258941BC2B221BB300657376 /* SportPerformanceList */,
				258941D22B24FB5900657376 /* NewSportPerformance */,
			);
			path = Screens;
			sourceTree = "<group>";
		};
/* End PBXGroup section */

/* Begin PBXNativeTarget section */
		258941822B2204C700657376 /* SportPerformance */ = {
			isa = PBXNativeTarget;
			buildConfigurationList = 258941B02B2204C800657376 /* Build configuration list for PBXNativeTarget "SportPerformance" */;
			buildPhases = (
				2589417F2B2204C700657376 /* Sources */,
				258941802B2204C700657376 /* Frameworks */,
				258941812B2204C700657376 /* Resources */,
			);
			buildRules = (
			);
			dependencies = (
			);
			name = SportPerformance;
			packageProductDependencies = (
				25B4C5D02B27B1580055EC86 /* FirebaseDatabase */,
				25B4C5D22B27B1580055EC86 /* FirebaseDatabaseSwift */,
				25B4C5D82B287AB10055EC86 /* FirebaseFirestore */,
				25B4C5DA2B287AB80055EC86 /* FirebaseFirestoreSwift */,
				2511B55A2B28A16B00B5EAB5 /* ProgressHUD */,
			);
			productName = SportPerformance;
			productReference = 258941832B2204C700657376 /* SportPerformance.app */;
			productType = "com.apple.product-type.application";
		};
		2589419B2B2204C800657376 /* SportPerformanceTests */ = {
			isa = PBXNativeTarget;
			buildConfigurationList = 258941B32B2204C800657376 /* Build configuration list for PBXNativeTarget "SportPerformanceTests" */;
			buildPhases = (
				258941982B2204C800657376 /* Sources */,
				258941992B2204C800657376 /* Frameworks */,
				2589419A2B2204C800657376 /* Resources */,
			);
			buildRules = (
			);
			dependencies = (
				2589419E2B2204C800657376 /* PBXTargetDependency */,
			);
			name = SportPerformanceTests;
			productName = SportPerformanceTests;
			productReference = 2589419C2B2204C800657376 /* SportPerformanceTests.xctest */;
			productType = "com.apple.product-type.bundle.unit-test";
		};
		258941A52B2204C800657376 /* SportPerformanceUITests */ = {
			isa = PBXNativeTarget;
			buildConfigurationList = 258941B62B2204C800657376 /* Build configuration list for PBXNativeTarget "SportPerformanceUITests" */;
			buildPhases = (
				258941A22B2204C800657376 /* Sources */,
				258941A32B2204C800657376 /* Frameworks */,
				258941A42B2204C800657376 /* Resources */,
			);
			buildRules = (
			);
			dependencies = (
				258941A82B2204C800657376 /* PBXTargetDependency */,
			);
			name = SportPerformanceUITests;
			productName = SportPerformanceUITests;
			productReference = 258941A62B2204C800657376 /* SportPerformanceUITests.xctest */;
			productType = "com.apple.product-type.bundle.ui-testing";
		};
/* End PBXNativeTarget section */

/* Begin PBXProject section */
		2589417B2B2204C700657376 /* Project object */ = {
			isa = PBXProject;
			attributes = {
				BuildIndependentTargetsInParallel = 1;
				LastSwiftUpdateCheck = 1500;
				LastUpgradeCheck = 1500;
				TargetAttributes = {
					258941822B2204C700657376 = {
						CreatedOnToolsVersion = 15.0;
					};
					2589419B2B2204C800657376 = {
						CreatedOnToolsVersion = 15.0;
						TestTargetID = 258941822B2204C700657376;
					};
					258941A52B2204C800657376 = {
						CreatedOnToolsVersion = 15.0;
						TestTargetID = 258941822B2204C700657376;
					};
				};
			};
			buildConfigurationList = 2589417E2B2204C700657376 /* Build configuration list for PBXProject "SportPerformance" */;
			compatibilityVersion = "Xcode 14.0";
			developmentRegion = en;
			hasScannedForEncodings = 0;
			knownRegions = (
				en,
				Base,
			);
			mainGroup = 2589417A2B2204C700657376;
			packageReferences = (
				25B4C5CF2B27B1580055EC86 /* XCRemoteSwiftPackageReference "firebase-ios-sdk" */,
				2511B5592B28A16B00B5EAB5 /* XCRemoteSwiftPackageReference "ProgressHUD" */,
			);
			productRefGroup = 258941842B2204C700657376 /* Products */;
			projectDirPath = "";
			projectRoot = "";
			targets = (
				258941822B2204C700657376 /* SportPerformance */,
				2589419B2B2204C800657376 /* SportPerformanceTests */,
				258941A52B2204C800657376 /* SportPerformanceUITests */,
			);
		};
/* End PBXProject section */

/* Begin PBXResourcesBuildPhase section */
		258941812B2204C700657376 /* Resources */ = {
			isa = PBXResourcesBuildPhase;
			buildActionMask = 2147483647;
			files = (
				258941962B2204C800657376 /* LaunchScreen.storyboard in Resources */,
				258941932B2204C800657376 /* Assets.xcassets in Resources */,
				2511B5632B2B363600B5EAB5 /* Localizable.xcstrings in Resources */,
				258941E72B275FBE00657376 /* GoogleService-Info.plist in Resources */,
			);
			runOnlyForDeploymentPostprocessing = 0;
		};
		2589419A2B2204C800657376 /* Resources */ = {
			isa = PBXResourcesBuildPhase;
			buildActionMask = 2147483647;
			files = (
			);
			runOnlyForDeploymentPostprocessing = 0;
		};
		258941A42B2204C800657376 /* Resources */ = {
			isa = PBXResourcesBuildPhase;
			buildActionMask = 2147483647;
			files = (
			);
			runOnlyForDeploymentPostprocessing = 0;
		};
/* End PBXResourcesBuildPhase section */

/* Begin PBXSourcesBuildPhase section */
		2589417F2B2204C700657376 /* Sources */ = {
			isa = PBXSourcesBuildPhase;
			buildActionMask = 2147483647;
			files = (
				258941D92B261E8300657376 /* PrimaryTextField.swift in Sources */,
				258941DD2B26553600657376 /* NewSportPerformanceViewModel.swift in Sources */,
				258941C02B2387B100657376 /* PerformanceCell.swift in Sources */,
				2511B5602B29D09A00B5EAB5 /* AlertConfig.swift in Sources */,
				25B64BDE2B2F3BEB008C3950 /* DataPersistenceError.swift in Sources */,
				258941C22B23A43200657376 /* Constraints.swift in Sources */,
				258941872B2204C700657376 /* AppDelegate.swift in Sources */,
				258941C42B24BD0A00657376 /* SportPerformanceListViewModel.swift in Sources */,
				2511B55E2B28A20E00B5EAB5 /* ProgressHud.swift in Sources */,
				2511B5822B2DEB1800B5EAB5 /* RepositoryLabel.swift in Sources */,
				2511B5802B2DE22E00B5EAB5 /* Icons.swift in Sources */,
				25B4C5D62B2878370055EC86 /* FirebaseStoreManager.swift in Sources */,
				2511B5842B2DED6300B5EAB5 /* Repository.swift in Sources */,
				258941892B2204C700657376 /* SceneDelegate.swift in Sources */,
				258941D72B2615C800657376 /* PrimaryButton.swift in Sources */,
				258941BB2B22189D00657376 /* MainCoordinator.swift in Sources */,
				258941912B2204C700657376 /* SportPerformance.xcdatamodeld in Sources */,
				258941DB2B264C7200657376 /* TimePicker.swift in Sources */,
				2597C4A62B302E3100BC1B75 /* EmptyStateView.swift in Sources */,
				25B64BDC2B2F0021008C3950 /* WarningMessage.swift in Sources */,
				25B64BE02B2F3C4F008C3950 /* PerformanceEntityStub.swift in Sources */,
				2597C4AA2B30548C00BC1B75 /* GenericError.swift in Sources */,
				2511B5652B2B43A500B5EAB5 /* Localization.swift in Sources */,
				2511B5782B2C927A00B5EAB5 /* EmptyState.swift in Sources */,
				258941E42B274AA200657376 /* HostingController.swift in Sources */,
				25B4C5DE2B2888A30055EC86 /* FirebasePerformanceModel.swift in Sources */,
				258941C72B24BDDB00657376 /* PerformanceModel.swift in Sources */,
				258941D42B24FBB600657376 /* NewSportPerformanceView.swift in Sources */,
				2511B5762B2B8A7500B5EAB5 /* DataPersistenceManager.swift in Sources */,
				2511B57D2B2DCBCD00B5EAB5 /* PerformanceEntity+CoreDataClass.swift in Sources */,
				258941E22B274A6F00657376 /* NavigationPropagation.swift in Sources */,
				258941BE2B221C1900657376 /* SportPerformanceListView.swift in Sources */,
				2511B57A2B2CA58200B5EAB5 /* MockDataPersistenceManager.swift in Sources */,
				258941CB2B24C5AF00657376 /* MockData.swift in Sources */,
				2511B57E2B2DCBCD00B5EAB5 /* PerformanceEntity+CoreDataProperties.swift in Sources */,
				258941D12B24E1B200657376 /* MainCoordinatorDelegates.swift in Sources */,
				25B4C5E12B2898AF0055EC86 /* MockFirebaseStoreManager.swift in Sources */,
			);
			runOnlyForDeploymentPostprocessing = 0;
		};
		258941982B2204C800657376 /* Sources */ = {
			isa = PBXSourcesBuildPhase;
			buildActionMask = 2147483647;
			files = (
				258941A12B2204C800657376 /* SportPerformanceListViewModelTests.swift in Sources */,
			);
			runOnlyForDeploymentPostprocessing = 0;
		};
		258941A22B2204C800657376 /* Sources */ = {
			isa = PBXSourcesBuildPhase;
			buildActionMask = 2147483647;
			files = (
				258941AD2B2204C800657376 /* SportPerformanceUITestsLaunchTests.swift in Sources */,
				258941AB2B2204C800657376 /* SportPerformanceUITests.swift in Sources */,
			);
			runOnlyForDeploymentPostprocessing = 0;
		};
/* End PBXSourcesBuildPhase section */

/* Begin PBXTargetDependency section */
		2589419E2B2204C800657376 /* PBXTargetDependency */ = {
			isa = PBXTargetDependency;
			target = 258941822B2204C700657376 /* SportPerformance */;
			targetProxy = 2589419D2B2204C800657376 /* PBXContainerItemProxy */;
		};
		258941A82B2204C800657376 /* PBXTargetDependency */ = {
			isa = PBXTargetDependency;
			target = 258941822B2204C700657376 /* SportPerformance */;
			targetProxy = 258941A72B2204C800657376 /* PBXContainerItemProxy */;
		};
/* End PBXTargetDependency section */

/* Begin PBXVariantGroup section */
		258941942B2204C800657376 /* LaunchScreen.storyboard */ = {
			isa = PBXVariantGroup;
			children = (
				258941952B2204C800657376 /* Base */,
			);
			name = LaunchScreen.storyboard;
			sourceTree = "<group>";
		};
/* End PBXVariantGroup section */

/* Begin XCBuildConfiguration section */
		258941AE2B2204C800657376 /* Debug */ = {
			isa = XCBuildConfiguration;
			buildSettings = {
				ALWAYS_SEARCH_USER_PATHS = NO;
				ASSETCATALOG_COMPILER_GENERATE_SWIFT_ASSET_SYMBOL_EXTENSIONS = YES;
				CLANG_ANALYZER_NONNULL = YES;
				CLANG_ANALYZER_NUMBER_OBJECT_CONVERSION = YES_AGGRESSIVE;
				CLANG_CXX_LANGUAGE_STANDARD = "gnu++20";
				CLANG_ENABLE_MODULES = YES;
				CLANG_ENABLE_OBJC_ARC = YES;
				CLANG_ENABLE_OBJC_WEAK = YES;
				CLANG_WARN_BLOCK_CAPTURE_AUTORELEASING = YES;
				CLANG_WARN_BOOL_CONVERSION = YES;
				CLANG_WARN_COMMA = YES;
				CLANG_WARN_CONSTANT_CONVERSION = YES;
				CLANG_WARN_DEPRECATED_OBJC_IMPLEMENTATIONS = YES;
				CLANG_WARN_DIRECT_OBJC_ISA_USAGE = YES_ERROR;
				CLANG_WARN_DOCUMENTATION_COMMENTS = YES;
				CLANG_WARN_EMPTY_BODY = YES;
				CLANG_WARN_ENUM_CONVERSION = YES;
				CLANG_WARN_INFINITE_RECURSION = YES;
				CLANG_WARN_INT_CONVERSION = YES;
				CLANG_WARN_NON_LITERAL_NULL_CONVERSION = YES;
				CLANG_WARN_OBJC_IMPLICIT_RETAIN_SELF = YES;
				CLANG_WARN_OBJC_LITERAL_CONVERSION = YES;
				CLANG_WARN_OBJC_ROOT_CLASS = YES_ERROR;
				CLANG_WARN_QUOTED_INCLUDE_IN_FRAMEWORK_HEADER = YES;
				CLANG_WARN_RANGE_LOOP_ANALYSIS = YES;
				CLANG_WARN_STRICT_PROTOTYPES = YES;
				CLANG_WARN_SUSPICIOUS_MOVE = YES;
				CLANG_WARN_UNGUARDED_AVAILABILITY = YES_AGGRESSIVE;
				CLANG_WARN_UNREACHABLE_CODE = YES;
				CLANG_WARN__DUPLICATE_METHOD_MATCH = YES;
				COPY_PHASE_STRIP = NO;
				DEBUG_INFORMATION_FORMAT = dwarf;
				ENABLE_STRICT_OBJC_MSGSEND = YES;
				ENABLE_TESTABILITY = YES;
				ENABLE_USER_SCRIPT_SANDBOXING = YES;
				GCC_C_LANGUAGE_STANDARD = gnu17;
				GCC_DYNAMIC_NO_PIC = NO;
				GCC_NO_COMMON_BLOCKS = YES;
				GCC_OPTIMIZATION_LEVEL = 0;
				GCC_PREPROCESSOR_DEFINITIONS = (
					"DEBUG=1",
					"$(inherited)",
				);
				GCC_WARN_64_TO_32_BIT_CONVERSION = YES;
				GCC_WARN_ABOUT_RETURN_TYPE = YES_ERROR;
				GCC_WARN_UNDECLARED_SELECTOR = YES;
				GCC_WARN_UNINITIALIZED_AUTOS = YES_AGGRESSIVE;
				GCC_WARN_UNUSED_FUNCTION = YES;
				GCC_WARN_UNUSED_VARIABLE = YES;
				IPHONEOS_DEPLOYMENT_TARGET = 17.0;
				LOCALIZATION_PREFERS_STRING_CATALOGS = YES;
				MTL_ENABLE_DEBUG_INFO = INCLUDE_SOURCE;
				MTL_FAST_MATH = YES;
				ONLY_ACTIVE_ARCH = YES;
				SDKROOT = iphoneos;
				SWIFT_ACTIVE_COMPILATION_CONDITIONS = "DEBUG $(inherited)";
				SWIFT_OPTIMIZATION_LEVEL = "-Onone";
			};
			name = Debug;
		};
		258941AF2B2204C800657376 /* Release */ = {
			isa = XCBuildConfiguration;
			buildSettings = {
				ALWAYS_SEARCH_USER_PATHS = NO;
				ASSETCATALOG_COMPILER_GENERATE_SWIFT_ASSET_SYMBOL_EXTENSIONS = YES;
				CLANG_ANALYZER_NONNULL = YES;
				CLANG_ANALYZER_NUMBER_OBJECT_CONVERSION = YES_AGGRESSIVE;
				CLANG_CXX_LANGUAGE_STANDARD = "gnu++20";
				CLANG_ENABLE_MODULES = YES;
				CLANG_ENABLE_OBJC_ARC = YES;
				CLANG_ENABLE_OBJC_WEAK = YES;
				CLANG_WARN_BLOCK_CAPTURE_AUTORELEASING = YES;
				CLANG_WARN_BOOL_CONVERSION = YES;
				CLANG_WARN_COMMA = YES;
				CLANG_WARN_CONSTANT_CONVERSION = YES;
				CLANG_WARN_DEPRECATED_OBJC_IMPLEMENTATIONS = YES;
				CLANG_WARN_DIRECT_OBJC_ISA_USAGE = YES_ERROR;
				CLANG_WARN_DOCUMENTATION_COMMENTS = YES;
				CLANG_WARN_EMPTY_BODY = YES;
				CLANG_WARN_ENUM_CONVERSION = YES;
				CLANG_WARN_INFINITE_RECURSION = YES;
				CLANG_WARN_INT_CONVERSION = YES;
				CLANG_WARN_NON_LITERAL_NULL_CONVERSION = YES;
				CLANG_WARN_OBJC_IMPLICIT_RETAIN_SELF = YES;
				CLANG_WARN_OBJC_LITERAL_CONVERSION = YES;
				CLANG_WARN_OBJC_ROOT_CLASS = YES_ERROR;
				CLANG_WARN_QUOTED_INCLUDE_IN_FRAMEWORK_HEADER = YES;
				CLANG_WARN_RANGE_LOOP_ANALYSIS = YES;
				CLANG_WARN_STRICT_PROTOTYPES = YES;
				CLANG_WARN_SUSPICIOUS_MOVE = YES;
				CLANG_WARN_UNGUARDED_AVAILABILITY = YES_AGGRESSIVE;
				CLANG_WARN_UNREACHABLE_CODE = YES;
				CLANG_WARN__DUPLICATE_METHOD_MATCH = YES;
				COPY_PHASE_STRIP = NO;
				DEBUG_INFORMATION_FORMAT = "dwarf-with-dsym";
				ENABLE_NS_ASSERTIONS = NO;
				ENABLE_STRICT_OBJC_MSGSEND = YES;
				ENABLE_USER_SCRIPT_SANDBOXING = YES;
				GCC_C_LANGUAGE_STANDARD = gnu17;
				GCC_NO_COMMON_BLOCKS = YES;
				GCC_WARN_64_TO_32_BIT_CONVERSION = YES;
				GCC_WARN_ABOUT_RETURN_TYPE = YES_ERROR;
				GCC_WARN_UNDECLARED_SELECTOR = YES;
				GCC_WARN_UNINITIALIZED_AUTOS = YES_AGGRESSIVE;
				GCC_WARN_UNUSED_FUNCTION = YES;
				GCC_WARN_UNUSED_VARIABLE = YES;
				IPHONEOS_DEPLOYMENT_TARGET = 17.0;
				LOCALIZATION_PREFERS_STRING_CATALOGS = YES;
				MTL_ENABLE_DEBUG_INFO = NO;
				MTL_FAST_MATH = YES;
				SDKROOT = iphoneos;
				SWIFT_COMPILATION_MODE = wholemodule;
				VALIDATE_PRODUCT = YES;
			};
			name = Release;
		};
		258941B12B2204C800657376 /* Debug */ = {
			isa = XCBuildConfiguration;
			buildSettings = {
				ASSETCATALOG_COMPILER_APPICON_NAME = AppIcon;
				ASSETCATALOG_COMPILER_GLOBAL_ACCENT_COLOR_NAME = AccentColor;
				CODE_SIGN_STYLE = Automatic;
				CURRENT_PROJECT_VERSION = 1;
				DEVELOPMENT_TEAM = K3R8ZHZH34;
				GENERATE_INFOPLIST_FILE = YES;
				INFOPLIST_FILE = SportPerformance/Info.plist;
				INFOPLIST_KEY_CFBundleDisplayName = "Sport Performance";
				INFOPLIST_KEY_LSApplicationCategoryType = "public.app-category.sports";
				INFOPLIST_KEY_UIApplicationSupportsIndirectInputEvents = YES;
				INFOPLIST_KEY_UILaunchStoryboardName = LaunchScreen;
				INFOPLIST_KEY_UISupportedInterfaceOrientations = "UIInterfaceOrientationLandscapeLeft UIInterfaceOrientationLandscapeRight UIInterfaceOrientationPortrait";
				INFOPLIST_KEY_UISupportedInterfaceOrientations_iPad = UIInterfaceOrientationPortrait;
				INFOPLIST_KEY_UIUserInterfaceStyle = Light;
				LD_RUNPATH_SEARCH_PATHS = (
					"$(inherited)",
					"@executable_path/Frameworks",
				);
				MARKETING_VERSION = 1.0;
				PRODUCT_BUNDLE_IDENTIFIER = com.sport.performance;
				PRODUCT_NAME = "$(TARGET_NAME)";
				SUPPORTED_PLATFORMS = "iphoneos iphonesimulator";
				SUPPORTS_MACCATALYST = NO;
				SWIFT_EMIT_LOC_STRINGS = YES;
				SWIFT_VERSION = 5.0;
				TARGETED_DEVICE_FAMILY = 1;
			};
			name = Debug;
		};
		258941B22B2204C800657376 /* Release */ = {
			isa = XCBuildConfiguration;
			buildSettings = {
				ASSETCATALOG_COMPILER_APPICON_NAME = AppIcon;
				ASSETCATALOG_COMPILER_GLOBAL_ACCENT_COLOR_NAME = AccentColor;
				CODE_SIGN_STYLE = Automatic;
				CURRENT_PROJECT_VERSION = 1;
				DEVELOPMENT_TEAM = K3R8ZHZH34;
				GENERATE_INFOPLIST_FILE = YES;
				INFOPLIST_FILE = SportPerformance/Info.plist;
				INFOPLIST_KEY_CFBundleDisplayName = "Sport Performance";
				INFOPLIST_KEY_LSApplicationCategoryType = "public.app-category.sports";
				INFOPLIST_KEY_UIApplicationSupportsIndirectInputEvents = YES;
				INFOPLIST_KEY_UILaunchStoryboardName = LaunchScreen;
				INFOPLIST_KEY_UISupportedInterfaceOrientations = "UIInterfaceOrientationLandscapeLeft UIInterfaceOrientationLandscapeRight UIInterfaceOrientationPortrait";
				INFOPLIST_KEY_UISupportedInterfaceOrientations_iPad = UIInterfaceOrientationPortrait;
				INFOPLIST_KEY_UIUserInterfaceStyle = Light;
				LD_RUNPATH_SEARCH_PATHS = (
					"$(inherited)",
					"@executable_path/Frameworks",
				);
				MARKETING_VERSION = 1.0;
				PRODUCT_BUNDLE_IDENTIFIER = com.sport.performance;
				PRODUCT_NAME = "$(TARGET_NAME)";
				SUPPORTED_PLATFORMS = "iphoneos iphonesimulator";
				SUPPORTS_MACCATALYST = NO;
				SWIFT_EMIT_LOC_STRINGS = YES;
				SWIFT_VERSION = 5.0;
				TARGETED_DEVICE_FAMILY = 1;
			};
			name = Release;
		};
		258941B42B2204C800657376 /* Debug */ = {
			isa = XCBuildConfiguration;
			buildSettings = {
				ALWAYS_EMBED_SWIFT_STANDARD_LIBRARIES = YES;
				BUNDLE_LOADER = "$(TEST_HOST)";
				CODE_SIGN_STYLE = Automatic;
				CURRENT_PROJECT_VERSION = 1;
				DEVELOPMENT_TEAM = K3R8ZHZH34;
				GENERATE_INFOPLIST_FILE = YES;
				IPHONEOS_DEPLOYMENT_TARGET = 17.0;
				MARKETING_VERSION = 1.0;
				PRODUCT_BUNDLE_IDENTIFIER = com.sport.performance.cv.SportPerformanceTests;
				PRODUCT_NAME = "$(TARGET_NAME)";
				SWIFT_EMIT_LOC_STRINGS = NO;
				SWIFT_VERSION = 5.0;
				TARGETED_DEVICE_FAMILY = "1,2";
				TEST_HOST = "$(BUILT_PRODUCTS_DIR)/SportPerformance.app/$(BUNDLE_EXECUTABLE_FOLDER_PATH)/SportPerformance";
			};
			name = Debug;
		};
		258941B52B2204C800657376 /* Release */ = {
			isa = XCBuildConfiguration;
			buildSettings = {
				ALWAYS_EMBED_SWIFT_STANDARD_LIBRARIES = YES;
				BUNDLE_LOADER = "$(TEST_HOST)";
				CODE_SIGN_STYLE = Automatic;
				CURRENT_PROJECT_VERSION = 1;
				DEVELOPMENT_TEAM = K3R8ZHZH34;
				GENERATE_INFOPLIST_FILE = YES;
				IPHONEOS_DEPLOYMENT_TARGET = 17.0;
				MARKETING_VERSION = 1.0;
				PRODUCT_BUNDLE_IDENTIFIER = com.sport.performance.cv.SportPerformanceTests;
				PRODUCT_NAME = "$(TARGET_NAME)";
				SWIFT_EMIT_LOC_STRINGS = NO;
				SWIFT_VERSION = 5.0;
				TARGETED_DEVICE_FAMILY = "1,2";
				TEST_HOST = "$(BUILT_PRODUCTS_DIR)/SportPerformance.app/$(BUNDLE_EXECUTABLE_FOLDER_PATH)/SportPerformance";
			};
			name = Release;
		};
		258941B72B2204C800657376 /* Debug */ = {
			isa = XCBuildConfiguration;
			buildSettings = {
				ALWAYS_EMBED_SWIFT_STANDARD_LIBRARIES = YES;
				CODE_SIGN_STYLE = Automatic;
				CURRENT_PROJECT_VERSION = 1;
				DEVELOPMENT_TEAM = K3R8ZHZH34;
				GENERATE_INFOPLIST_FILE = YES;
				MARKETING_VERSION = 1.0;
				PRODUCT_BUNDLE_IDENTIFIER = com.sport.performance.cv.SportPerformanceUITests;
				PRODUCT_NAME = "$(TARGET_NAME)";
				SWIFT_EMIT_LOC_STRINGS = NO;
				SWIFT_VERSION = 5.0;
				TARGETED_DEVICE_FAMILY = "1,2";
				TEST_TARGET_NAME = SportPerformance;
			};
			name = Debug;
		};
		258941B82B2204C800657376 /* Release */ = {
			isa = XCBuildConfiguration;
			buildSettings = {
				ALWAYS_EMBED_SWIFT_STANDARD_LIBRARIES = YES;
				CODE_SIGN_STYLE = Automatic;
				CURRENT_PROJECT_VERSION = 1;
				DEVELOPMENT_TEAM = K3R8ZHZH34;
				GENERATE_INFOPLIST_FILE = YES;
				MARKETING_VERSION = 1.0;
				PRODUCT_BUNDLE_IDENTIFIER = com.sport.performance.cv.SportPerformanceUITests;
				PRODUCT_NAME = "$(TARGET_NAME)";
				SWIFT_EMIT_LOC_STRINGS = NO;
				SWIFT_VERSION = 5.0;
				TARGETED_DEVICE_FAMILY = "1,2";
				TEST_TARGET_NAME = SportPerformance;
			};
			name = Release;
		};
/* End XCBuildConfiguration section */

/* Begin XCConfigurationList section */
		2589417E2B2204C700657376 /* Build configuration list for PBXProject "SportPerformance" */ = {
			isa = XCConfigurationList;
			buildConfigurations = (
				258941AE2B2204C800657376 /* Debug */,
				258941AF2B2204C800657376 /* Release */,
			);
			defaultConfigurationIsVisible = 0;
			defaultConfigurationName = Release;
		};
		258941B02B2204C800657376 /* Build configuration list for PBXNativeTarget "SportPerformance" */ = {
			isa = XCConfigurationList;
			buildConfigurations = (
				258941B12B2204C800657376 /* Debug */,
				258941B22B2204C800657376 /* Release */,
			);
			defaultConfigurationIsVisible = 0;
			defaultConfigurationName = Release;
		};
		258941B32B2204C800657376 /* Build configuration list for PBXNativeTarget "SportPerformanceTests" */ = {
			isa = XCConfigurationList;
			buildConfigurations = (
				258941B42B2204C800657376 /* Debug */,
				258941B52B2204C800657376 /* Release */,
			);
			defaultConfigurationIsVisible = 0;
			defaultConfigurationName = Release;
		};
		258941B62B2204C800657376 /* Build configuration list for PBXNativeTarget "SportPerformanceUITests" */ = {
			isa = XCConfigurationList;
			buildConfigurations = (
				258941B72B2204C800657376 /* Debug */,
				258941B82B2204C800657376 /* Release */,
			);
			defaultConfigurationIsVisible = 0;
			defaultConfigurationName = Release;
		};
/* End XCConfigurationList section */

/* Begin XCRemoteSwiftPackageReference section */
		2511B5592B28A16B00B5EAB5 /* XCRemoteSwiftPackageReference "ProgressHUD" */ = {
			isa = XCRemoteSwiftPackageReference;
			repositoryURL = "https://github.com/relatedcode/ProgressHUD.git";
			requirement = {
				kind = upToNextMajorVersion;
				minimumVersion = 14.1.0;
			};
		};
		25B4C5CF2B27B1580055EC86 /* XCRemoteSwiftPackageReference "firebase-ios-sdk" */ = {
			isa = XCRemoteSwiftPackageReference;
			repositoryURL = "https://github.com/firebase/firebase-ios-sdk";
			requirement = {
				kind = upToNextMajorVersion;
				minimumVersion = 10.19.0;
			};
		};
/* End XCRemoteSwiftPackageReference section */

/* Begin XCSwiftPackageProductDependency section */
		2511B55A2B28A16B00B5EAB5 /* ProgressHUD */ = {
			isa = XCSwiftPackageProductDependency;
			package = 2511B5592B28A16B00B5EAB5 /* XCRemoteSwiftPackageReference "ProgressHUD" */;
			productName = ProgressHUD;
		};
		25B4C5D02B27B1580055EC86 /* FirebaseDatabase */ = {
			isa = XCSwiftPackageProductDependency;
			package = 25B4C5CF2B27B1580055EC86 /* XCRemoteSwiftPackageReference "firebase-ios-sdk" */;
			productName = FirebaseDatabase;
		};
		25B4C5D22B27B1580055EC86 /* FirebaseDatabaseSwift */ = {
			isa = XCSwiftPackageProductDependency;
			package = 25B4C5CF2B27B1580055EC86 /* XCRemoteSwiftPackageReference "firebase-ios-sdk" */;
			productName = FirebaseDatabaseSwift;
		};
		25B4C5D82B287AB10055EC86 /* FirebaseFirestore */ = {
			isa = XCSwiftPackageProductDependency;
			package = 25B4C5CF2B27B1580055EC86 /* XCRemoteSwiftPackageReference "firebase-ios-sdk" */;
			productName = FirebaseFirestore;
		};
		25B4C5DA2B287AB80055EC86 /* FirebaseFirestoreSwift */ = {
			isa = XCSwiftPackageProductDependency;
			package = 25B4C5CF2B27B1580055EC86 /* XCRemoteSwiftPackageReference "firebase-ios-sdk" */;
			productName = FirebaseFirestoreSwift;
		};
/* End XCSwiftPackageProductDependency section */

/* Begin XCVersionGroup section */
		2589418F2B2204C700657376 /* SportPerformance.xcdatamodeld */ = {
			isa = XCVersionGroup;
			children = (
				258941902B2204C700657376 /* SportPerformance.xcdatamodel */,
			);
			currentVersion = 258941902B2204C700657376 /* SportPerformance.xcdatamodel */;
			path = SportPerformance.xcdatamodeld;
			sourceTree = "<group>";
			versionGroupType = wrapper.xcdatamodel;
		};
/* End XCVersionGroup section */
	};
	rootObject = 2589417B2B2204C700657376 /* Project object */;
}
