// !$*UTF8*$!
{
	archiveVersion = 1;
	classes = {
	};
	objectVersion = 56;
	objects = {

/* Begin PBXBuildFile section */
		258941872B2204C700657376 /* AppDelegate.swift in Sources */ = {isa = PBXBuildFile; fileRef = 258941862B2204C700657376 /* AppDelegate.swift */; };
		258941892B2204C700657376 /* SceneDelegate.swift in Sources */ = {isa = PBXBuildFile; fileRef = 258941882B2204C700657376 /* SceneDelegate.swift */; };
		2589418B2B2204C700657376 /* ViewController.swift in Sources */ = {isa = PBXBuildFile; fileRef = 2589418A2B2204C700657376 /* ViewController.swift */; };
		2589418E2B2204C700657376 /* Main.storyboard in Resources */ = {isa = PBXBuildFile; fileRef = 2589418C2B2204C700657376 /* Main.storyboard */; };
		258941912B2204C700657376 /* SportPerformance.xcdatamodeld in Sources */ = {isa = PBXBuildFile; fileRef = 2589418F2B2204C700657376 /* SportPerformance.xcdatamodeld */; };
		258941932B2204C800657376 /* Assets.xcassets in Resources */ = {isa = PBXBuildFile; fileRef = 258941922B2204C800657376 /* Assets.xcassets */; };
		258941962B2204C800657376 /* LaunchScreen.storyboard in Resources */ = {isa = PBXBuildFile; fileRef = 258941942B2204C800657376 /* LaunchScreen.storyboard */; };
		258941A12B2204C800657376 /* SportPerformanceTests.swift in Sources */ = {isa = PBXBuildFile; fileRef = 258941A02B2204C800657376 /* SportPerformanceTests.swift */; };
		258941AB2B2204C800657376 /* SportPerformanceUITests.swift in Sources */ = {isa = PBXBuildFile; fileRef = 258941AA2B2204C800657376 /* SportPerformanceUITests.swift */; };
		258941AD2B2204C800657376 /* SportPerformanceUITestsLaunchTests.swift in Sources */ = {isa = PBXBuildFile; fileRef = 258941AC2B2204C800657376 /* SportPerformanceUITestsLaunchTests.swift */; };
/* End PBXBuildFile section */

/* Begin PBXContainerItemProxy section */
		2589419D2B2204C800657376 /* PBXContainerItemProxy */ = {
			isa = PBXContainerItemProxy;
			containerPortal = 2589417B2B2204C700657376 /* Project object */;
			proxyType = 1;
			remoteGlobalIDString = 258941822B2204C700657376;
			remoteInfo = SportPerformance;
		};
		258941A72B2204C800657376 /* PBXContainerItemProxy */ = {
			isa = PBXContainerItemProxy;
			containerPortal = 2589417B2B2204C700657376 /* Project object */;
			proxyType = 1;
			remoteGlobalIDString = 258941822B2204C700657376;
			remoteInfo = SportPerformance;
		};
/* End PBXContainerItemProxy section */

/* Begin PBXFileReference section */
		258941832B2204C700657376 /* SportPerformance.app */ = {isa = PBXFileReference; explicitFileType = wrapper.application; includeInIndex = 0; path = SportPerformance.app; sourceTree = BUILT_PRODUCTS_DIR; };
		258941862B2204C700657376 /* AppDelegate.swift */ = {isa = PBXFileReference; lastKnownFileType = sourcecode.swift; path = AppDelegate.swift; sourceTree = "<group>"; };
		258941882B2204C700657376 /* SceneDelegate.swift */ = {isa = PBXFileReference; lastKnownFileType = sourcecode.swift; path = SceneDelegate.swift; sourceTree = "<group>"; };
		2589418A2B2204C700657376 /* ViewController.swift */ = {isa = PBXFileReference; lastKnownFileType = sourcecode.swift; path = ViewController.swift; sourceTree = "<group>"; };
		2589418D2B2204C700657376 /* Base */ = {isa = PBXFileReference; lastKnownFileType = file.storyboard; name = Base; path = Base.lproj/Main.storyboard; sourceTree = "<group>"; };
		258941902B2204C700657376 /* SportPerformance.xcdatamodel */ = {isa = PBXFileReference; lastKnownFileType = wrapper.xcdatamodel; path = SportPerformance.xcdatamodel; sourceTree = "<group>"; };
		258941922B2204C800657376 /* Assets.xcassets */ = {isa = PBXFileReference; lastKnownFileType = folder.assetcatalog; path = Assets.xcassets; sourceTree = "<group>"; };
		258941952B2204C800657376 /* Base */ = {isa = PBXFileReference; lastKnownFileType = file.storyboard; name = Base; path = Base.lproj/LaunchScreen.storyboard; sourceTree = "<group>"; };
		258941972B2204C800657376 /* Info.plist */ = {isa = PBXFileReference; lastKnownFileType = text.plist.xml; path = Info.plist; sourceTree = "<group>"; };
		2589419C2B2204C800657376 /* SportPerformanceTests.xctest */ = {isa = PBXFileReference; explicitFileType = wrapper.cfbundle; includeInIndex = 0; path = SportPerformanceTests.xctest; sourceTree = BUILT_PRODUCTS_DIR; };
		258941A02B2204C800657376 /* SportPerformanceTests.swift */ = {isa = PBXFileReference; lastKnownFileType = sourcecode.swift; path = SportPerformanceTests.swift; sourceTree = "<group>"; };
		258941A62B2204C800657376 /* SportPerformanceUITests.xctest */ = {isa = PBXFileReference; explicitFileType = wrapper.cfbundle; includeInIndex = 0; path = SportPerformanceUITests.xctest; sourceTree = BUILT_PRODUCTS_DIR; };
		258941AA2B2204C800657376 /* SportPerformanceUITests.swift */ = {isa = PBXFileReference; lastKnownFileType = sourcecode.swift; path = SportPerformanceUITests.swift; sourceTree = "<group>"; };
		258941AC2B2204C800657376 /* SportPerformanceUITestsLaunchTests.swift */ = {isa = PBXFileReference; lastKnownFileType = sourcecode.swift; path = SportPerformanceUITestsLaunchTests.swift; sourceTree = "<group>"; };
/* End PBXFileReference section */

/* Begin PBXFrameworksBuildPhase section */
		258941802B2204C700657376 /* Frameworks */ = {
			isa = PBXFrameworksBuildPhase;
			buildActionMask = 2147483647;
			files = (
			);
			runOnlyForDeploymentPostprocessing = 0;
		};
		258941992B2204C800657376 /* Frameworks */ = {
			isa = PBXFrameworksBuildPhase;
			buildActionMask = 2147483647;
			files = (
			);
			runOnlyForDeploymentPostprocessing = 0;
		};
		258941A32B2204C800657376 /* Frameworks */ = {
			isa = PBXFrameworksBuildPhase;
			buildActionMask = 2147483647;
			files = (
			);
			runOnlyForDeploymentPostprocessing = 0;
		};
/* End PBXFrameworksBuildPhase section */

/* Begin PBXGroup section */
		2589417A2B2204C700657376 = {
			isa = PBXGroup;
			children = (
				258941852B2204C700657376 /* SportPerformance */,
				2589419F2B2204C800657376 /* SportPerformanceTests */,
				258941A92B2204C800657376 /* SportPerformanceUITests */,
				258941842B2204C700657376 /* Products */,
			);
			sourceTree = "<group>";
		};
		258941842B2204C700657376 /* Products */ = {
			isa = PBXGroup;
			children = (
				258941832B2204C700657376 /* SportPerformance.app */,
				2589419C2B2204C800657376 /* SportPerformanceTests.xctest */,
				258941A62B2204C800657376 /* SportPerformanceUITests.xctest */,
			);
			name = Products;
			sourceTree = "<group>";
		};
		258941852B2204C700657376 /* SportPerformance */ = {
			isa = PBXGroup;
			children = (
				258941862B2204C700657376 /* AppDelegate.swift */,
				258941882B2204C700657376 /* SceneDelegate.swift */,
				2589418A2B2204C700657376 /* ViewController.swift */,
				2589418C2B2204C700657376 /* Main.storyboard */,
				258941922B2204C800657376 /* Assets.xcassets */,
				258941942B2204C800657376 /* LaunchScreen.storyboard */,
				258941972B2204C800657376 /* Info.plist */,
				2589418F2B2204C700657376 /* SportPerformance.xcdatamodeld */,
			);
			path = SportPerformance;
			sourceTree = "<group>";
		};
		2589419F2B2204C800657376 /* SportPerformanceTests */ = {
			isa = PBXGroup;
			children = (
				258941A02B2204C800657376 /* SportPerformanceTests.swift */,
			);
			path = SportPerformanceTests;
			sourceTree = "<group>";
		};
		258941A92B2204C800657376 /* SportPerformanceUITests */ = {
			isa = PBXGroup;
			children = (
				258941AA2B2204C800657376 /* SportPerformanceUITests.swift */,
				258941AC2B2204C800657376 /* SportPerformanceUITestsLaunchTests.swift */,
			);
			path = SportPerformanceUITests;
			sourceTree = "<group>";
		};
/* End PBXGroup section */

/* Begin PBXNativeTarget section */
		258941822B2204C700657376 /* SportPerformance */ = {
			isa = PBXNativeTarget;
			buildConfigurationList = 258941B02B2204C800657376 /* Build configuration list for PBXNativeTarget "SportPerformance" */;
			buildPhases = (
				2589417F2B2204C700657376 /* Sources */,
				258941802B2204C700657376 /* Frameworks */,
				258941812B2204C700657376 /* Resources */,
			);
			buildRules = (
			);
			dependencies = (
			);
			name = SportPerformance;
			productName = SportPerformance;
			productReference = 258941832B2204C700657376 /* SportPerformance.app */;
			productType = "com.apple.product-type.application";
		};
		2589419B2B2204C800657376 /* SportPerformanceTests */ = {
			isa = PBXNativeTarget;
			buildConfigurationList = 258941B32B2204C800657376 /* Build configuration list for PBXNativeTarget "SportPerformanceTests" */;
			buildPhases = (
				258941982B2204C800657376 /* Sources */,
				258941992B2204C800657376 /* Frameworks */,
				2589419A2B2204C800657376 /* Resources */,
			);
			buildRules = (
			);
			dependencies = (
				2589419E2B2204C800657376 /* PBXTargetDependency */,
			);
			name = SportPerformanceTests;
			productName = SportPerformanceTests;
			productReference = 2589419C2B2204C800657376 /* SportPerformanceTests.xctest */;
			productType = "com.apple.product-type.bundle.unit-test";
		};
		258941A52B2204C800657376 /* SportPerformanceUITests */ = {
			isa = PBXNativeTarget;
			buildConfigurationList = 258941B62B2204C800657376 /* Build configuration list for PBXNativeTarget "SportPerformanceUITests" */;
			buildPhases = (
				258941A22B2204C800657376 /* Sources */,
				258941A32B2204C800657376 /* Frameworks */,
				258941A42B2204C800657376 /* Resources */,
			);
			buildRules = (
			);
			dependencies = (
				258941A82B2204C800657376 /* PBXTargetDependency */,
			);
			name = SportPerformanceUITests;
			productName = SportPerformanceUITests;
			productReference = 258941A62B2204C800657376 /* SportPerformanceUITests.xctest */;
			productType = "com.apple.product-type.bundle.ui-testing";
		};
/* End PBXNativeTarget section */

/* Begin PBXProject section */
		2589417B2B2204C700657376 /* Project object */ = {
			isa = PBXProject;
			attributes = {
				BuildIndependentTargetsInParallel = 1;
				LastSwiftUpdateCheck = 1500;
				LastUpgradeCheck = 1500;
				TargetAttributes = {
					258941822B2204C700657376 = {
						CreatedOnToolsVersion = 15.0;
					};
					2589419B2B2204C800657376 = {
						CreatedOnToolsVersion = 15.0;
						TestTargetID = 258941822B2204C700657376;
					};
					258941A52B2204C800657376 = {
						CreatedOnToolsVersion = 15.0;
						TestTargetID = 258941822B2204C700657376;
					};
				};
			};
			buildConfigurationList = 2589417E2B2204C700657376 /* Build configuration list for PBXProject "SportPerformance" */;
			compatibilityVersion = "Xcode 14.0";
			developmentRegion = en;
			hasScannedForEncodings = 0;
			knownRegions = (
				en,
				Base,
			);
			mainGroup = 2589417A2B2204C700657376;
			productRefGroup = 258941842B2204C700657376 /* Products */;
			projectDirPath = "";
			projectRoot = "";
			targets = (
				258941822B2204C700657376 /* SportPerformance */,
				2589419B2B2204C800657376 /* SportPerformanceTests */,
				258941A52B2204C800657376 /* SportPerformanceUITests */,
			);
		};
/* End PBXProject section */

/* Begin PBXResourcesBuildPhase section */
		258941812B2204C700657376 /* Resources */ = {
			isa = PBXResourcesBuildPhase;
			buildActionMask = 2147483647;
			files = (
				258941962B2204C800657376 /* LaunchScreen.storyboard in Resources */,
				258941932B2204C800657376 /* Assets.xcassets in Resources */,
				2589418E2B2204C700657376 /* Main.storyboard in Resources */,
			);
			runOnlyForDeploymentPostprocessing = 0;
		};
		2589419A2B2204C800657376 /* Resources */ = {
			isa = PBXResourcesBuildPhase;
			buildActionMask = 2147483647;
			files = (
			);
			runOnlyForDeploymentPostprocessing = 0;
		};
		258941A42B2204C800657376 /* Resources */ = {
			isa = PBXResourcesBuildPhase;
			buildActionMask = 2147483647;
			files = (
			);
			runOnlyForDeploymentPostprocessing = 0;
		};
/* End PBXResourcesBuildPhase section */

/* Begin PBXSourcesBuildPhase section */
		2589417F2B2204C700657376 /* Sources */ = {
			isa = PBXSourcesBuildPhase;
			buildActionMask = 2147483647;
			files = (
				2589418B2B2204C700657376 /* ViewController.swift in Sources */,
				258941872B2204C700657376 /* AppDelegate.swift in Sources */,
				258941892B2204C700657376 /* SceneDelegate.swift in Sources */,
				258941912B2204C700657376 /* SportPerformance.xcdatamodeld in Sources */,
			);
			runOnlyForDeploymentPostprocessing = 0;
		};
		258941982B2204C800657376 /* Sources */ = {
			isa = PBXSourcesBuildPhase;
			buildActionMask = 2147483647;
			files = (
				258941A12B2204C800657376 /* SportPerformanceTests.swift in Sources */,
			);
			runOnlyForDeploymentPostprocessing = 0;
		};
		258941A22B2204C800657376 /* Sources */ = {
			isa = PBXSourcesBuildPhase;
			buildActionMask = 2147483647;
			files = (
				258941AD2B2204C800657376 /* SportPerformanceUITestsLaunchTests.swift in Sources */,
				258941AB2B2204C800657376 /* SportPerformanceUITests.swift in Sources */,
			);
			runOnlyForDeploymentPostprocessing = 0;
		};
/* End PBXSourcesBuildPhase section */

/* Begin PBXTargetDependency section */
		2589419E2B2204C800657376 /* PBXTargetDependency */ = {
			isa = PBXTargetDependency;
			target = 258941822B2204C700657376 /* SportPerformance */;
			targetProxy = 2589419D2B2204C800657376 /* PBXContainerItemProxy */;
		};
		258941A82B2204C800657376 /* PBXTargetDependency */ = {
			isa = PBXTargetDependency;
			target = 258941822B2204C700657376 /* SportPerformance */;
			targetProxy = 258941A72B2204C800657376 /* PBXContainerItemProxy */;
		};
/* End PBXTargetDependency section */

/* Begin PBXVariantGroup section */
		2589418C2B2204C700657376 /* Main.storyboard */ = {
			isa = PBXVariantGroup;
			children = (
				2589418D2B2204C700657376 /* Base */,
			);
			name = Main.storyboard;
			sourceTree = "<group>";
		};
		258941942B2204C800657376 /* LaunchScreen.storyboard */ = {
			isa = PBXVariantGroup;
			children = (
				258941952B2204C800657376 /* Base */,
			);
			name = LaunchScreen.storyboard;
			sourceTree = "<group>";
		};
/* End PBXVariantGroup section */

/* Begin XCBuildConfiguration section */
		258941AE2B2204C800657376 /* Debug */ = {
			isa = XCBuildConfiguration;
			buildSettings = {
				ALWAYS_SEARCH_USER_PATHS = NO;
				ASSETCATALOG_COMPILER_GENERATE_SWIFT_ASSET_SYMBOL_EXTENSIONS = YES;
				CLANG_ANALYZER_NONNULL = YES;
				CLANG_ANALYZER_NUMBER_OBJECT_CONVERSION = YES_AGGRESSIVE;
				CLANG_CXX_LANGUAGE_STANDARD = "gnu++20";
				CLANG_ENABLE_MODULES = YES;
				CLANG_ENABLE_OBJC_ARC = YES;
				CLANG_ENABLE_OBJC_WEAK = YES;
				CLANG_WARN_BLOCK_CAPTURE_AUTORELEASING = YES;
				CLANG_WARN_BOOL_CONVERSION = YES;
				CLANG_WARN_COMMA = YES;
				CLANG_WARN_CONSTANT_CONVERSION = YES;
				CLANG_WARN_DEPRECATED_OBJC_IMPLEMENTATIONS = YES;
				CLANG_WARN_DIRECT_OBJC_ISA_USAGE = YES_ERROR;
				CLANG_WARN_DOCUMENTATION_COMMENTS = YES;
				CLANG_WARN_EMPTY_BODY = YES;
				CLANG_WARN_ENUM_CONVERSION = YES;
				CLANG_WARN_INFINITE_RECURSION = YES;
				CLANG_WARN_INT_CONVERSION = YES;
				CLANG_WARN_NON_LITERAL_NULL_CONVERSION = YES;
				CLANG_WARN_OBJC_IMPLICIT_RETAIN_SELF = YES;
				CLANG_WARN_OBJC_LITERAL_CONVERSION = YES;
				CLANG_WARN_OBJC_ROOT_CLASS = YES_ERROR;
				CLANG_WARN_QUOTED_INCLUDE_IN_FRAMEWORK_HEADER = YES;
				CLANG_WARN_RANGE_LOOP_ANALYSIS = YES;
				CLANG_WARN_STRICT_PROTOTYPES = YES;
				CLANG_WARN_SUSPICIOUS_MOVE = YES;
				CLANG_WARN_UNGUARDED_AVAILABILITY = YES_AGGRESSIVE;
				CLANG_WARN_UNREACHABLE_CODE = YES;
				CLANG_WARN__DUPLICATE_METHOD_MATCH = YES;
				COPY_PHASE_STRIP = NO;
				DEBUG_INFORMATION_FORMAT = dwarf;
				ENABLE_STRICT_OBJC_MSGSEND = YES;
				ENABLE_TESTABILITY = YES;
				ENABLE_USER_SCRIPT_SANDBOXING = YES;
				GCC_C_LANGUAGE_STANDARD = gnu17;
				GCC_DYNAMIC_NO_PIC = NO;
				GCC_NO_COMMON_BLOCKS = YES;
				GCC_OPTIMIZATION_LEVEL = 0;
				GCC_PREPROCESSOR_DEFINITIONS = (
					"DEBUG=1",
					"$(inherited)",
				);
				GCC_WARN_64_TO_32_BIT_CONVERSION = YES;
				GCC_WARN_ABOUT_RETURN_TYPE = YES_ERROR;
				GCC_WARN_UNDECLARED_SELECTOR = YES;
				GCC_WARN_UNINITIALIZED_AUTOS = YES_AGGRESSIVE;
				GCC_WARN_UNUSED_FUNCTION = YES;
				GCC_WARN_UNUSED_VARIABLE = YES;
				IPHONEOS_DEPLOYMENT_TARGET = 17.0;
				LOCALIZATION_PREFERS_STRING_CATALOGS = YES;
				MTL_ENABLE_DEBUG_INFO = INCLUDE_SOURCE;
				MTL_FAST_MATH = YES;
				ONLY_ACTIVE_ARCH = YES;
				SDKROOT = iphoneos;
				SWIFT_ACTIVE_COMPILATION_CONDITIONS = "DEBUG $(inherited)";
				SWIFT_OPTIMIZATION_LEVEL = "-Onone";
			};
			name = Debug;
		};
		258941AF2B2204C800657376 /* Release */ = {
			isa = XCBuildConfiguration;
			buildSettings = {
				ALWAYS_SEARCH_USER_PATHS = NO;
				ASSETCATALOG_COMPILER_GENERATE_SWIFT_ASSET_SYMBOL_EXTENSIONS = YES;
				CLANG_ANALYZER_NONNULL = YES;
				CLANG_ANALYZER_NUMBER_OBJECT_CONVERSION = YES_AGGRESSIVE;
				CLANG_CXX_LANGUAGE_STANDARD = "gnu++20";
				CLANG_ENABLE_MODULES = YES;
				CLANG_ENABLE_OBJC_ARC = YES;
				CLANG_ENABLE_OBJC_WEAK = YES;
				CLANG_WARN_BLOCK_CAPTURE_AUTORELEASING = YES;
				CLANG_WARN_BOOL_CONVERSION = YES;
				CLANG_WARN_COMMA = YES;
				CLANG_WARN_CONSTANT_CONVERSION = YES;
				CLANG_WARN_DEPRECATED_OBJC_IMPLEMENTATIONS = YES;
				CLANG_WARN_DIRECT_OBJC_ISA_USAGE = YES_ERROR;
				CLANG_WARN_DOCUMENTATION_COMMENTS = YES;
				CLANG_WARN_EMPTY_BODY = YES;
				CLANG_WARN_ENUM_CONVERSION = YES;
				CLANG_WARN_INFINITE_RECURSION = YES;
				CLANG_WARN_INT_CONVERSION = YES;
				CLANG_WARN_NON_LITERAL_NULL_CONVERSION = YES;
				CLANG_WARN_OBJC_IMPLICIT_RETAIN_SELF = YES;
				CLANG_WARN_OBJC_LITERAL_CONVERSION = YES;
				CLANG_WARN_OBJC_ROOT_CLASS = YES_ERROR;
				CLANG_WARN_QUOTED_INCLUDE_IN_FRAMEWORK_HEADER = YES;
				CLANG_WARN_RANGE_LOOP_ANALYSIS = YES;
				CLANG_WARN_STRICT_PROTOTYPES = YES;
				CLANG_WARN_SUSPICIOUS_MOVE = YES;
				CLANG_WARN_UNGUARDED_AVAILABILITY = YES_AGGRESSIVE;
				CLANG_WARN_UNREACHABLE_CODE = YES;
				CLANG_WARN__DUPLICATE_METHOD_MATCH = YES;
				COPY_PHASE_STRIP = NO;
				DEBUG_INFORMATION_FORMAT = "dwarf-with-dsym";
				ENABLE_NS_ASSERTIONS = NO;
				ENABLE_STRICT_OBJC_MSGSEND = YES;
				ENABLE_USER_SCRIPT_SANDBOXING = YES;
				GCC_C_LANGUAGE_STANDARD = gnu17;
				GCC_NO_COMMON_BLOCKS = YES;
				GCC_WARN_64_TO_32_BIT_CONVERSION = YES;
				GCC_WARN_ABOUT_RETURN_TYPE = YES_ERROR;
				GCC_WARN_UNDECLARED_SELECTOR = YES;
				GCC_WARN_UNINITIALIZED_AUTOS = YES_AGGRESSIVE;
				GCC_WARN_UNUSED_FUNCTION = YES;
				GCC_WARN_UNUSED_VARIABLE = YES;
				IPHONEOS_DEPLOYMENT_TARGET = 17.0;
				LOCALIZATION_PREFERS_STRING_CATALOGS = YES;
				MTL_ENABLE_DEBUG_INFO = NO;
				MTL_FAST_MATH = YES;
				SDKROOT = iphoneos;
				SWIFT_COMPILATION_MODE = wholemodule;
				VALIDATE_PRODUCT = YES;
			};
			name = Release;
		};
		258941B12B2204C800657376 /* Debug */ = {
			isa = XCBuildConfiguration;
			buildSettings = {
				ASSETCATALOG_COMPILER_APPICON_NAME = AppIcon;
				ASSETCATALOG_COMPILER_GLOBAL_ACCENT_COLOR_NAME = AccentColor;
				CODE_SIGN_STYLE = Automatic;
				CURRENT_PROJECT_VERSION = 1;
				DEVELOPMENT_TEAM = K3R8ZHZH34;
				GENERATE_INFOPLIST_FILE = YES;
				INFOPLIST_FILE = SportPerformance/Info.plist;
				INFOPLIST_KEY_CFBundleDisplayName = "Sport Performance";
				INFOPLIST_KEY_LSApplicationCategoryType = "public.app-category.sports";
				INFOPLIST_KEY_UIApplicationSupportsIndirectInputEvents = YES;
				INFOPLIST_KEY_UILaunchStoryboardName = LaunchScreen;
				INFOPLIST_KEY_UIMainStoryboardFile = Main;
				INFOPLIST_KEY_UISupportedInterfaceOrientations = "UIInterfaceOrientationLandscapeLeft UIInterfaceOrientationLandscapeRight UIInterfaceOrientationPortrait";
				INFOPLIST_KEY_UISupportedInterfaceOrientations_iPad = UIInterfaceOrientationPortrait;
				LD_RUNPATH_SEARCH_PATHS = (
					"$(inherited)",
					"@executable_path/Frameworks",
				);
				MARKETING_VERSION = 1.0;
				PRODUCT_BUNDLE_IDENTIFIER = com.sport.performance;
				PRODUCT_NAME = "$(TARGET_NAME)";
				SWIFT_EMIT_LOC_STRINGS = YES;
				SWIFT_VERSION = 5.0;
				TARGETED_DEVICE_FAMILY = "1,2";
			};
			name = Debug;
		};
		258941B22B2204C800657376 /* Release */ = {
			isa = XCBuildConfiguration;
			buildSettings = {
				ASSETCATALOG_COMPILER_APPICON_NAME = AppIcon;
				ASSETCATALOG_COMPILER_GLOBAL_ACCENT_COLOR_NAME = AccentColor;
				CODE_SIGN_STYLE = Automatic;
				CURRENT_PROJECT_VERSION = 1;
				DEVELOPMENT_TEAM = K3R8ZHZH34;
				GENERATE_INFOPLIST_FILE = YES;
				INFOPLIST_FILE = SportPerformance/Info.plist;
				INFOPLIST_KEY_CFBundleDisplayName = "Sport Performance";
				INFOPLIST_KEY_LSApplicationCategoryType = "public.app-category.sports";
				INFOPLIST_KEY_UIApplicationSupportsIndirectInputEvents = YES;
				INFOPLIST_KEY_UILaunchStoryboardName = LaunchScreen;
				INFOPLIST_KEY_UIMainStoryboardFile = Main;
				INFOPLIST_KEY_UISupportedInterfaceOrientations = "UIInterfaceOrientationLandscapeLeft UIInterfaceOrientationLandscapeRight UIInterfaceOrientationPortrait";
				INFOPLIST_KEY_UISupportedInterfaceOrientations_iPad = UIInterfaceOrientationPortrait;
				LD_RUNPATH_SEARCH_PATHS = (
					"$(inherited)",
					"@executable_path/Frameworks",
				);
				MARKETING_VERSION = 1.0;
				PRODUCT_BUNDLE_IDENTIFIER = com.sport.performance;
				PRODUCT_NAME = "$(TARGET_NAME)";
				SWIFT_EMIT_LOC_STRINGS = YES;
				SWIFT_VERSION = 5.0;
				TARGETED_DEVICE_FAMILY = "1,2";
			};
			name = Release;
		};
		258941B42B2204C800657376 /* Debug */ = {
			isa = XCBuildConfiguration;
			buildSettings = {
				ALWAYS_EMBED_SWIFT_STANDARD_LIBRARIES = YES;
				BUNDLE_LOADER = "$(TEST_HOST)";
				CODE_SIGN_STYLE = Automatic;
				CURRENT_PROJECT_VERSION = 1;
				DEVELOPMENT_TEAM = K3R8ZHZH34;
				GENERATE_INFOPLIST_FILE = YES;
				IPHONEOS_DEPLOYMENT_TARGET = 17.0;
				MARKETING_VERSION = 1.0;
				PRODUCT_BUNDLE_IDENTIFIER = com.sport.performance.cv.SportPerformanceTests;
				PRODUCT_NAME = "$(TARGET_NAME)";
				SWIFT_EMIT_LOC_STRINGS = NO;
				SWIFT_VERSION = 5.0;
				TARGETED_DEVICE_FAMILY = "1,2";
				TEST_HOST = "$(BUILT_PRODUCTS_DIR)/SportPerformance.app/$(BUNDLE_EXECUTABLE_FOLDER_PATH)/SportPerformance";
			};
			name = Debug;
		};
		258941B52B2204C800657376 /* Release */ = {
			isa = XCBuildConfiguration;
			buildSettings = {
				ALWAYS_EMBED_SWIFT_STANDARD_LIBRARIES = YES;
				BUNDLE_LOADER = "$(TEST_HOST)";
				CODE_SIGN_STYLE = Automatic;
				CURRENT_PROJECT_VERSION = 1;
				DEVELOPMENT_TEAM = K3R8ZHZH34;
				GENERATE_INFOPLIST_FILE = YES;
				IPHONEOS_DEPLOYMENT_TARGET = 17.0;
				MARKETING_VERSION = 1.0;
				PRODUCT_BUNDLE_IDENTIFIER = com.sport.performance.cv.SportPerformanceTests;
				PRODUCT_NAME = "$(TARGET_NAME)";
				SWIFT_EMIT_LOC_STRINGS = NO;
				SWIFT_VERSION = 5.0;
				TARGETED_DEVICE_FAMILY = "1,2";
				TEST_HOST = "$(BUILT_PRODUCTS_DIR)/SportPerformance.app/$(BUNDLE_EXECUTABLE_FOLDER_PATH)/SportPerformance";
			};
			name = Release;
		};
		258941B72B2204C800657376 /* Debug */ = {
			isa = XCBuildConfiguration;
			buildSettings = {
				ALWAYS_EMBED_SWIFT_STANDARD_LIBRARIES = YES;
				CODE_SIGN_STYLE = Automatic;
				CURRENT_PROJECT_VERSION = 1;
				DEVELOPMENT_TEAM = K3R8ZHZH34;
				GENERATE_INFOPLIST_FILE = YES;
				MARKETING_VERSION = 1.0;
				PRODUCT_BUNDLE_IDENTIFIER = com.sport.performance.cv.SportPerformanceUITests;
				PRODUCT_NAME = "$(TARGET_NAME)";
				SWIFT_EMIT_LOC_STRINGS = NO;
				SWIFT_VERSION = 5.0;
				TARGETED_DEVICE_FAMILY = "1,2";
				TEST_TARGET_NAME = SportPerformance;
			};
			name = Debug;
		};
		258941B82B2204C800657376 /* Release */ = {
			isa = XCBuildConfiguration;
			buildSettings = {
				ALWAYS_EMBED_SWIFT_STANDARD_LIBRARIES = YES;
				CODE_SIGN_STYLE = Automatic;
				CURRENT_PROJECT_VERSION = 1;
				DEVELOPMENT_TEAM = K3R8ZHZH34;
				GENERATE_INFOPLIST_FILE = YES;
				MARKETING_VERSION = 1.0;
				PRODUCT_BUNDLE_IDENTIFIER = com.sport.performance.cv.SportPerformanceUITests;
				PRODUCT_NAME = "$(TARGET_NAME)";
				SWIFT_EMIT_LOC_STRINGS = NO;
				SWIFT_VERSION = 5.0;
				TARGETED_DEVICE_FAMILY = "1,2";
				TEST_TARGET_NAME = SportPerformance;
			};
			name = Release;
		};
/* End XCBuildConfiguration section */

/* Begin XCConfigurationList section */
		2589417E2B2204C700657376 /* Build configuration list for PBXProject "SportPerformance" */ = {
			isa = XCConfigurationList;
			buildConfigurations = (
				258941AE2B2204C800657376 /* Debug */,
				258941AF2B2204C800657376 /* Release */,
			);
			defaultConfigurationIsVisible = 0;
			defaultConfigurationName = Release;
		};
		258941B02B2204C800657376 /* Build configuration list for PBXNativeTarget "SportPerformance" */ = {
			isa = XCConfigurationList;
			buildConfigurations = (
				258941B12B2204C800657376 /* Debug */,
				258941B22B2204C800657376 /* Release */,
			);
			defaultConfigurationIsVisible = 0;
			defaultConfigurationName = Release;
		};
		258941B32B2204C800657376 /* Build configuration list for PBXNativeTarget "SportPerformanceTests" */ = {
			isa = XCConfigurationList;
			buildConfigurations = (
				258941B42B2204C800657376 /* Debug */,
				258941B52B2204C800657376 /* Release */,
			);
			defaultConfigurationIsVisible = 0;
			defaultConfigurationName = Release;
		};
		258941B62B2204C800657376 /* Build configuration list for PBXNativeTarget "SportPerformanceUITests" */ = {
			isa = XCConfigurationList;
			buildConfigurations = (
				258941B72B2204C800657376 /* Debug */,
				258941B82B2204C800657376 /* Release */,
			);
			defaultConfigurationIsVisible = 0;
			defaultConfigurationName = Release;
		};
/* End XCConfigurationList section */

/* Begin XCVersionGroup section */
		2589418F2B2204C700657376 /* SportPerformance.xcdatamodeld */ = {
			isa = XCVersionGroup;
			children = (
				258941902B2204C700657376 /* SportPerformance.xcdatamodel */,
			);
			currentVersion = 258941902B2204C700657376 /* SportPerformance.xcdatamodel */;
			path = SportPerformance.xcdatamodeld;
			sourceTree = "<group>";
			versionGroupType = wrapper.xcdatamodel;
		};
/* End XCVersionGroup section */
	};
	rootObject = 2589417B2B2204C700657376 /* Project object */;
}
